{
  "originHash" : "1195f1b481d166df47bcaae0d83e199342f71be260ffa61f37a16add88c36236",
  "pins" : [
    {
      "identity" : "jjliso8601dateformatter",
      "kind" : "remoteSourceControl",
      "location" : "https://github.com/michaeleisel/JJLISO8601DateFormatter",
      "state" : {
        "revision" : "741a9e45db01148a8ac60c5e12f7c978181a22d3",
        "version" : "0.1.8"
      }
    },
    {
      "identity" : "swiftdomainparser",
      "kind" : "remoteSourceControl",
      "location" : "https://github.com/Dashlane/SwiftDomainParser",
      "state" : {
        "revision" : "ac1df3211011ad44c20457412eeb45beb318f847",
        "version" : "1.1.0"
      }
    },
    {
      "identity" : "zippyjson",
      "kind" : "remoteSourceControl",
      "location" : "https://github.com/michaeleisel/ZippyJSON",
      "state" : {
        "revision" : "ddbbc024ba5a826f9676035a0a090a0bc2d40755",
        "version" : "1.2.15"
      }
    },
    {
      "identity" : "zippyjsoncfamily",
      "kind" : "remoteSourceControl",
      "location" : "https://github.com/michaeleisel/ZippyJSONCFamily",
      "state" : {
        "revision" : "c1c0f88977359ea85b81e128b2d988e8250dfdae",
        "version" : "1.2.14"
      }
    }
  ],
  "version" : 3
}
